
Microsoft Visual Studio Solution File, Format Version 12.00
# Visual Studio Version 17
VisualStudioVersion = 17.6.33617.297
MinimumVisualStudioVersion = 10.0.40219.1
Project("{2150E333-8FDC-42A3-9474-1A3956D46DE8}") = "Database", "Database", "{00AC0230-3E77-4D49-A4ED-75A6DA68E47A}"
EndProject
Project("{9A19103F-16F7-4668-BE54-9A1E7A4F7556}") = "Database", "Database\Database.csproj", "{9998FD29-1F30-4F96-AA4D-6D4E97877EA0}"
EndProject
Project("{2150E333-8FDC-42A3-9474-1A3956D46DE8}") = "Common", "Common", "{1777490A-B327-4073-943B-7BC857077D1B}"
EndProject
Project("{9A19103F-16F7-4668-BE54-9A1E7A4F7556}") = "Common", "Common\Common.csproj", "{F2621034-90C3-4C81-82BB-349C8CA74BBE}"
EndProject
Project("{2150E333-8FDC-42A3-9474-1A3956D46DE8}") = "WebAPI", "WebAPI", "{C7D6C6B9-C5DE-46AB-B37D-2797CDFD87A6}"
EndProject
Project("{9A19103F-16F7-4668-BE54-9A1E7A4F7556}") = "WebAPI", "WebAPI\WebAPI.csproj", "{AB0E5435-B852-4442-A63C-036A1D5D0BBE}"
EndProject
Project("{2150E333-8FDC-42A3-9474-1A3956D46DE8}") = "Website", "Website", "{AC63CB6F-207D-49D6-B6FD-F0396AEAC41F}"
EndProject
Project("{FAE04EC0-301F-11D3-BF4B-00C04F79EFBC}") = "Website", "Website\Website.csproj", "{EC2A2726-6A59-460A-8B56-EACE2E75A162}"
EndProject
Global
	GlobalSection(SolutionConfigurationPlatforms) = preSolution
		Debug|Any CPU = Debug|Any CPU
		Release|Any CPU = Release|Any CPU
	EndGlobalSection
	GlobalSection(ProjectConfigurationPlatforms) = postSolution
		{9998FD29-1F30-4F96-AA4D-6D4E97877EA0}.Debug|Any CPU.ActiveCfg = Debug|Any CPU
		{9998FD29-1F30-4F96-AA4D-6D4E97877EA0}.Debug|Any CPU.Build.0 = Debug|Any CPU
		{9998FD29-1F30-4F96-AA4D-6D4E97877EA0}.Release|Any CPU.ActiveCfg = Release|Any CPU
		{9998FD29-1F30-4F96-AA4D-6D4E97877EA0}.Release|Any CPU.Build.0 = Release|Any CPU
		{F2621034-90C3-4C81-82BB-349C8CA74BBE}.Debug|Any CPU.ActiveCfg = Debug|Any CPU
		{F2621034-90C3-4C81-82BB-349C8CA74BBE}.Debug|Any CPU.Build.0 = Debug|Any CPU
		{F2621034-90C3-4C81-82BB-349C8CA74BBE}.Release|Any CPU.ActiveCfg = Release|Any CPU
		{F2621034-90C3-4C81-82BB-349C8CA74BBE}.Release|Any CPU.Build.0 = Release|Any CPU
		{AB0E5435-B852-4442-A63C-036A1D5D0BBE}.Debug|Any CPU.ActiveCfg = Debug|Any CPU
		{AB0E5435-B852-4442-A63C-036A1D5D0BBE}.Debug|Any CPU.Build.0 = Debug|Any CPU
		{AB0E5435-B852-4442-A63C-036A1D5D0BBE}.Release|Any CPU.ActiveCfg = Release|Any CPU
		{AB0E5435-B852-4442-A63C-036A1D5D0BBE}.Release|Any CPU.Build.0 = Release|Any CPU
		{EC2A2726-6A59-460A-8B56-EACE2E75A162}.Debug|Any CPU.ActiveCfg = Debug|Any CPU
		{EC2A2726-6A59-460A-8B56-EACE2E75A162}.Debug|Any CPU.Build.0 = Debug|Any CPU
		{EC2A2726-6A59-460A-8B56-EACE2E75A162}.Release|Any CPU.ActiveCfg = Release|Any CPU
		{EC2A2726-6A59-460A-8B56-EACE2E75A162}.Release|Any CPU.Build.0 = Release|Any CPU
	EndGlobalSection
	GlobalSection(SolutionProperties) = preSolution
		HideSolutionNode = FALSE
	EndGlobalSection
	GlobalSection(NestedProjects) = preSolution
		{9998FD29-1F30-4F96-AA4D-6D4E97877EA0} = {00AC0230-3E77-4D49-A4ED-75A6DA68E47A}
		{F2621034-90C3-4C81-82BB-349C8CA74BBE} = {1777490A-B327-4073-943B-7BC857077D1B}
		{AB0E5435-B852-4442-A63C-036A1D5D0BBE} = {C7D6C6B9-C5DE-46AB-B37D-2797CDFD87A6}
		{EC2A2726-6A59-460A-8B56-EACE2E75A162} = {AC63CB6F-207D-49D6-B6FD-F0396AEAC41F}
	EndGlobalSection
	GlobalSection(ExtensibilityGlobals) = postSolution
		SolutionGuid = {70D16E73-7CFD-497C-B56D-627199792103}
	EndGlobalSection
EndGlobal
