
Microsoft Visual Studio Solution File, Format Version 12.00
# Visual Studio Version 17
VisualStudioVersion = 17.6.33617.297
MinimumVisualStudioVersion = 10.0.40219.1
Project("{FAE04EC0-301F-11D3-BF4B-00C04F79EFBC}") = "Common", "Common\Common.csproj", "{4F7777A1-0D91-48D6-8096-A281E73AEF06}"
EndProject
Global
	GlobalSection(SolutionConfigurationPlatforms) = preSolution
		Debug|Any CPU = Debug|Any CPU
		Release|Any CPU = Release|Any CPU
	EndGlobalSection
	GlobalSection(ProjectConfigurationPlatforms) = postSolution
		{4F7777A1-0D91-48D6-8096-A281E73AEF06}.Debug|Any CPU.ActiveCfg = Debug|Any CPU
		{4F7777A1-0D91-48D6-8096-A281E73AEF06}.Debug|Any CPU.Build.0 = Debug|Any CPU
		{4F7777A1-0D91-48D6-8096-A281E73AEF06}.Release|Any CPU.ActiveCfg = Release|Any CPU
		{4F7777A1-0D91-48D6-8096-A281E73AEF06}.Release|Any CPU.Build.0 = Release|Any CPU
	EndGlobalSection
	GlobalSection(SolutionProperties) = preSolution
		HideSolutionNode = FALSE
	EndGlobalSection
	GlobalSection(ExtensibilityGlobals) = postSolution
		SolutionGuid = {70D16E73-7CFD-497C-B56D-627199792103}
	EndGlobalSection
EndGlobal
